
Microsoft Visual Studio Solution File, Format Version 12.00
Project("{FAE04EC0-301F-11D3-BF4B-00C04F79EFBC}") = "Energize.UnitTests", "Energize.UnitTests\Energize.UnitTests.csproj", "{46F6BCBE-87A1-4CF0-BF2F-4802C8C28428}"
EndProject
Project("{FAE04EC0-301F-11D3-BF4B-00C04F79EFBC}") = "Energize.IntegrationTests", "Energize.IntegrationTests\Energize.IntegrationTests.csproj", "{19CD2C49-3638-41EA-8FF7-CA2094A3BAE7}"
EndProject
Project("{FAE04EC0-301F-11D3-BF4B-00C04F79EFBC}") = "Energize.E2ETests", "Energize.E2ETests\Energize.E2ETests.csproj", "{5596627B-D98F-4335-89A1-D9F5F3804AB5}"
EndProject
Project("{2150E333-8FDC-42A3-9474-1A3956D46DE8}") = "src", "src", "{A0645392-2F1E-4B3D-BCD8-FF322D97D6D9}"
EndProject
Project("{2150E333-8FDC-42A3-9474-1A3956D46DE8}") = "tests", "tests", "{32751530-8149-4C44-931B-FCF6A5EA701F}"
EndProject
Project("{FAE04EC0-301F-11D3-BF4B-00C04F79EFBC}") = "Energize.API", "Energize.API\Energize.API.csproj", "{D524448E-FD09-4CA5-9312-203A2BADE6E8}"
EndProject
Global
	GlobalSection(SolutionConfigurationPlatforms) = preSolution
		Debug|Any CPU = Debug|Any CPU
		Release|Any CPU = Release|Any CPU
	EndGlobalSection
	GlobalSection(ProjectConfigurationPlatforms) = postSolution
		{46F6BCBE-87A1-4CF0-BF2F-4802C8C28428}.Debug|Any CPU.ActiveCfg = Debug|Any CPU
		{46F6BCBE-87A1-4CF0-BF2F-4802C8C28428}.Debug|Any CPU.Build.0 = Debug|Any CPU
		{46F6BCBE-87A1-4CF0-BF2F-4802C8C28428}.Release|Any CPU.ActiveCfg = Release|Any CPU
		{46F6BCBE-87A1-4CF0-BF2F-4802C8C28428}.Release|Any CPU.Build.0 = Release|Any CPU
		{19CD2C49-3638-41EA-8FF7-CA2094A3BAE7}.Debug|Any CPU.ActiveCfg = Debug|Any CPU
		{19CD2C49-3638-41EA-8FF7-CA2094A3BAE7}.Debug|Any CPU.Build.0 = Debug|Any CPU
		{19CD2C49-3638-41EA-8FF7-CA2094A3BAE7}.Release|Any CPU.ActiveCfg = Release|Any CPU
		{19CD2C49-3638-41EA-8FF7-CA2094A3BAE7}.Release|Any CPU.Build.0 = Release|Any CPU
		{5596627B-D98F-4335-89A1-D9F5F3804AB5}.Debug|Any CPU.ActiveCfg = Debug|Any CPU
		{5596627B-D98F-4335-89A1-D9F5F3804AB5}.Debug|Any CPU.Build.0 = Debug|Any CPU
		{5596627B-D98F-4335-89A1-D9F5F3804AB5}.Release|Any CPU.ActiveCfg = Release|Any CPU
		{5596627B-D98F-4335-89A1-D9F5F3804AB5}.Release|Any CPU.Build.0 = Release|Any CPU
		{D524448E-FD09-4CA5-9312-203A2BADE6E8}.Debug|Any CPU.ActiveCfg = Debug|Any CPU
		{D524448E-FD09-4CA5-9312-203A2BADE6E8}.Debug|Any CPU.Build.0 = Debug|Any CPU
		{D524448E-FD09-4CA5-9312-203A2BADE6E8}.Release|Any CPU.ActiveCfg = Release|Any CPU
		{D524448E-FD09-4CA5-9312-203A2BADE6E8}.Release|Any CPU.Build.0 = Release|Any CPU
	EndGlobalSection
	GlobalSection(NestedProjects) = preSolution
		{5596627B-D98F-4335-89A1-D9F5F3804AB5} = {32751530-8149-4C44-931B-FCF6A5EA701F}
		{19CD2C49-3638-41EA-8FF7-CA2094A3BAE7} = {32751530-8149-4C44-931B-FCF6A5EA701F}
		{46F6BCBE-87A1-4CF0-BF2F-4802C8C28428} = {32751530-8149-4C44-931B-FCF6A5EA701F}
		{D524448E-FD09-4CA5-9312-203A2BADE6E8} = {A0645392-2F1E-4B3D-BCD8-FF322D97D6D9}
	EndGlobalSection
EndGlobal
